<?xml version="1.0" encoding="utf-8"?>
<Project ToolsVersion="17.0" xmlns="http://schemas.microsoft.com/developer/msbuild/2003">
  <ItemGroup>
    <ClCompile Include="C:\Workspace\audacity\libraries\lib-audio-devices\AudioIOBase.cpp" />
    <ClCompile Include="C:\Workspace\audacity\libraries\lib-audio-devices\DeviceChange.cpp" />
    <ClCompile Include="C:\Workspace\audacity\libraries\lib-audio-devices\DeviceManager.cpp" />
    <ClCompile Include="C:\Workspace\audacity\libraries\lib-audio-devices\Meter.cpp" />
  </ItemGroup>
  <ItemGroup>
    <ClInclude Include="C:\Workspace\audacity\libraries\lib-audio-devices\AudioIOBase.h" />
    <ClInclude Include="C:\Workspace\audacity\libraries\lib-audio-devices\DeviceChange.h" />
    <ClInclude Include="C:\Workspace\audacity\libraries\lib-audio-devices\DeviceManager.h" />
    <ClInclude Include="C:\Workspace\audacity\libraries\lib-audio-devices\Meter.h" />
  </ItemGroup>
  <ItemGroup>
    <CustomBuild Include="C:\Workspace\audacity\libraries\lib-audio-devices\CMakeLists.txt" />
  </ItemGroup>
  <ItemGroup>
  </ItemGroup>
</Project>
