<?xml version="1.0" encoding="utf-8"?>
<Project ToolsVersion="17.0" xmlns="http://schemas.microsoft.com/developer/msbuild/2003">
  <ItemGroup>
    <ClCompile Include="C:\Workspace\audacity\libraries\image-compiler\imageCompilerMain.cpp">
      <Filter>Source Files</Filter>
    </ClCompile>
  </ItemGroup>
  <ItemGroup>
    <CustomBuild Include="C:\Workspace\audacity\libraries\image-compiler\CMakeLists.txt" />
  </ItemGroup>
  <ItemGroup>
    <Filter Include="Source Files">
      <UniqueIdentifier>{CA67F289-A6EB-3B04-8CFB-6135678FFB1F}</UniqueIdentifier>
    </Filter>
  </ItemGroup>
</Project>
