<?xml version="1.0" encoding="utf-8"?>
<Project ToolsVersion="17.0" xmlns="http://schemas.microsoft.com/developer/msbuild/2003">
  <ItemGroup>
    <CustomBuild Include="C:\Workspace\audacity\visual_studio\CMakeFiles\0afb9149d255d20aa44b603cb4dcd90b\INSTALL_force.rule">
      <Filter>CMake Rules</Filter>
    </CustomBuild>
  </ItemGroup>
  <ItemGroup>
    <Filter Include="CMake Rules">
      <UniqueIdentifier>{056F32F2-F9F5-30FA-8D64-BC3D98460815}</UniqueIdentifier>
    </Filter>
  </ItemGroup>
</Project>
