<?xml version="1.0" encoding="utf-8"?>
<Project ToolsVersion="17.0" xmlns="http://schemas.microsoft.com/developer/msbuild/2003">
  <ItemGroup>
    <ClCompile Include="C:\Workspace\audacity\libraries\lib-project\Project.cpp" />
    <ClCompile Include="C:\Workspace\audacity\libraries\lib-project\ProjectFormatExtensionsRegistry.cpp" />
    <ClCompile Include="C:\Workspace\audacity\libraries\lib-project\ProjectFormatVersion.cpp" />
    <ClCompile Include="C:\Workspace\audacity\libraries\lib-project\ProjectStatus.cpp" />
  </ItemGroup>
  <ItemGroup>
    <ClInclude Include="C:\Workspace\audacity\libraries\lib-project\Project.h" />
    <ClInclude Include="C:\Workspace\audacity\libraries\lib-project\ProjectFormatExtensionsRegistry.h" />
    <ClInclude Include="C:\Workspace\audacity\libraries\lib-project\ProjectFormatVersion.h" />
    <ClInclude Include="C:\Workspace\audacity\libraries\lib-project\ProjectStatus.h" />
  </ItemGroup>
  <ItemGroup>
    <CustomBuild Include="C:\Workspace\audacity\libraries\lib-project\CMakeLists.txt" />
  </ItemGroup>
  <ItemGroup>
  </ItemGroup>
</Project>
