<?xml version="1.0" encoding="utf-8"?>
<Project ToolsVersion="17.0" xmlns="http://schemas.microsoft.com/developer/msbuild/2003">
  <ItemGroup>
    <CustomBuild Include="C:\Workspace\audacity\visual_studio\lib-src\portmixer\winmme_check\CMakeFiles\ad861de34b06ffa2a5f398ec8cae8421\generate.stamp.rule">
      <Filter>CMake Rules</Filter>
    </CustomBuild>
  </ItemGroup>
  <ItemGroup>
    <Filter Include="CMake Rules">
      <UniqueIdentifier>{8991A994-30F0-3521-922C-4D4B6A6D5CD7}</UniqueIdentifier>
    </Filter>
  </ItemGroup>
</Project>
