
Microsoft Visual Studio Solution File, Format Version 12.00
# Visual Studio Version 17
Project("{8BC9CEB8-8B4A-11D0-8D11-00A0C91BC942}") = "ALL_BUILD", "ALL_BUILD.vcxproj", "{A681F037-8D2E-30B3-8D31-697019DED772}"
	ProjectSection(ProjectDependencies) = postProject
		{431A375B-EAFB-3A2C-94F1-B40A5998EBD5} = {431A375B-EAFB-3A2C-94F1-B40A5998EBD5}
		{E5738AD5-12EB-3558-A4ED-276CF6C9ECA8} = {E5738AD5-12EB-3558-A4ED-276CF6C9ECA8}
	EndProjectSection
EndProject
Project("{8BC9CEB8-8B4A-11D0-8D11-00A0C91BC942}") = "PaWinDS_GetDeviceGUID", "PaWinDS_GetDeviceGUID.vcxproj", "{431A375B-EAFB-3A2C-94F1-B40A5998EBD5}"
	ProjectSection(ProjectDependencies) = postProject
		{E5738AD5-12EB-3558-A4ED-276CF6C9ECA8} = {E5738AD5-12EB-3558-A4ED-276CF6C9ECA8}
	EndProjectSection
EndProject
Project("{8BC9CEB8-8B4A-11D0-8D11-00A0C91BC942}") = "ZERO_CHECK", "ZERO_CHECK.vcxproj", "{E5738AD5-12EB-3558-A4ED-276CF6C9ECA8}"
	ProjectSection(ProjectDependencies) = postProject
	EndProjectSection
EndProject
Global
	GlobalSection(SolutionConfigurationPlatforms) = preSolution
		Debug|x64 = Debug|x64
		Release|x64 = Release|x64
		MinSizeRel|x64 = MinSizeRel|x64
		RelWithDebInfo|x64 = RelWithDebInfo|x64
	EndGlobalSection
	GlobalSection(ProjectConfigurationPlatforms) = postSolution
		{A681F037-8D2E-30B3-8D31-697019DED772}.Debug|x64.ActiveCfg = Debug|x64
		{A681F037-8D2E-30B3-8D31-697019DED772}.Release|x64.ActiveCfg = Release|x64
		{A681F037-8D2E-30B3-8D31-697019DED772}.MinSizeRel|x64.ActiveCfg = MinSizeRel|x64
		{A681F037-8D2E-30B3-8D31-697019DED772}.RelWithDebInfo|x64.ActiveCfg = RelWithDebInfo|x64
		{431A375B-EAFB-3A2C-94F1-B40A5998EBD5}.Debug|x64.ActiveCfg = Debug|x64
		{431A375B-EAFB-3A2C-94F1-B40A5998EBD5}.Debug|x64.Build.0 = Debug|x64
		{431A375B-EAFB-3A2C-94F1-B40A5998EBD5}.Release|x64.ActiveCfg = Release|x64
		{431A375B-EAFB-3A2C-94F1-B40A5998EBD5}.Release|x64.Build.0 = Release|x64
		{431A375B-EAFB-3A2C-94F1-B40A5998EBD5}.MinSizeRel|x64.ActiveCfg = MinSizeRel|x64
		{431A375B-EAFB-3A2C-94F1-B40A5998EBD5}.MinSizeRel|x64.Build.0 = MinSizeRel|x64
		{431A375B-EAFB-3A2C-94F1-B40A5998EBD5}.RelWithDebInfo|x64.ActiveCfg = RelWithDebInfo|x64
		{431A375B-EAFB-3A2C-94F1-B40A5998EBD5}.RelWithDebInfo|x64.Build.0 = RelWithDebInfo|x64
		{E5738AD5-12EB-3558-A4ED-276CF6C9ECA8}.Debug|x64.ActiveCfg = Debug|x64
		{E5738AD5-12EB-3558-A4ED-276CF6C9ECA8}.Debug|x64.Build.0 = Debug|x64
		{E5738AD5-12EB-3558-A4ED-276CF6C9ECA8}.Release|x64.ActiveCfg = Release|x64
		{E5738AD5-12EB-3558-A4ED-276CF6C9ECA8}.Release|x64.Build.0 = Release|x64
		{E5738AD5-12EB-3558-A4ED-276CF6C9ECA8}.MinSizeRel|x64.ActiveCfg = MinSizeRel|x64
		{E5738AD5-12EB-3558-A4ED-276CF6C9ECA8}.MinSizeRel|x64.Build.0 = MinSizeRel|x64
		{E5738AD5-12EB-3558-A4ED-276CF6C9ECA8}.RelWithDebInfo|x64.ActiveCfg = RelWithDebInfo|x64
		{E5738AD5-12EB-3558-A4ED-276CF6C9ECA8}.RelWithDebInfo|x64.Build.0 = RelWithDebInfo|x64
	EndGlobalSection
	GlobalSection(ExtensibilityGlobals) = postSolution
		SolutionGuid = {549ECB42-7AE1-3B1A-ACAF-0698E0C92647}
	EndGlobalSection
	GlobalSection(ExtensibilityAddIns) = postSolution
	EndGlobalSection
EndGlobal
