<?xml version="1.0" encoding="utf-8"?>
<Project ToolsVersion="17.0" xmlns="http://schemas.microsoft.com/developer/msbuild/2003">
  <ItemGroup>
    <CustomBuild Include="C:\Workspace\audacity\visual_studio\lib-src\portmixer\winds_getguid_check\CMakeFiles\023303eee763278f9a5857bc2711a3a2\generate.stamp.rule">
      <Filter>CMake Rules</Filter>
    </CustomBuild>
  </ItemGroup>
  <ItemGroup>
    <Filter Include="CMake Rules">
      <UniqueIdentifier>{A5BBF9EC-7B4D-3C03-8268-23B87AA2A2C2}</UniqueIdentifier>
    </Filter>
  </ItemGroup>
</Project>
